
Microsoft Visual Studio Solution File, Format Version 11.00
# Visual Studio 2010
Project("{FAE04EC0-301F-11D3-BF4B-00C04F79EFBC}") = "VideoReDo to Matroska Chapter Converter", "VideoReDo to Matroska Chapter Converter\VideoReDo to Matroska Chapter Converter.csproj", "{85660E11-6212-4C94-9AE2-6A507A0BCC39}"
EndProject
Global
	GlobalSection(SolutionConfigurationPlatforms) = preSolution
		Debug|Any CPU = Debug|Any CPU
		Debug|x86 = Debug|x86
		Release|Any CPU = Release|Any CPU
		Release|x86 = Release|x86
	EndGlobalSection
	GlobalSection(ProjectConfigurationPlatforms) = postSolution
		{85660E11-6212-4C94-9AE2-6A507A0BCC39}.Debug|Any CPU.ActiveCfg = Debug|Any CPU
		{85660E11-6212-4C94-9AE2-6A507A0BCC39}.Debug|Any CPU.Build.0 = Debug|Any CPU
		{85660E11-6212-4C94-9AE2-6A507A0BCC39}.Debug|x86.ActiveCfg = Debug|x86
		{85660E11-6212-4C94-9AE2-6A507A0BCC39}.Debug|x86.Build.0 = Debug|x86
		{85660E11-6212-4C94-9AE2-6A507A0BCC39}.Release|Any CPU.ActiveCfg = Release|Any CPU
		{85660E11-6212-4C94-9AE2-6A507A0BCC39}.Release|Any CPU.Build.0 = Release|Any CPU
		{85660E11-6212-4C94-9AE2-6A507A0BCC39}.Release|x86.ActiveCfg = Release|x86
		{85660E11-6212-4C94-9AE2-6A507A0BCC39}.Release|x86.Build.0 = Release|x86
	EndGlobalSection
	GlobalSection(SolutionProperties) = preSolution
		HideSolutionNode = FALSE
	EndGlobalSection
EndGlobal
